// !$*UTF8*$!
{
	archiveVersion = 1;
	classes = {
	};
	objectVersion = 56;
	objects = {

/* Begin PBXBuildFile section */
		EBD4AD332BA3AFDF00D4BC88 /* MovieDBAppApp.swift in Sources */ = {isa = PBXBuildFile; fileRef = EBD4AD322BA3AFDF00D4BC88 /* MovieDBAppApp.swift */; };
		EBD4AD352BA3AFDF00D4BC88 /* ContentView.swift in Sources */ = {isa = PBXBuildFile; fileRef = EBD4AD342BA3AFDF00D4BC88 /* ContentView.swift */; };
		EBD4AD372BA3AFE100D4BC88 /* Assets.xcassets in Resources */ = {isa = PBXBuildFile; fileRef = EBD4AD362BA3AFE100D4BC88 /* Assets.xcassets */; };
		EBD4AD3A2BA3AFE100D4BC88 /* Preview Assets.xcassets in Resources */ = {isa = PBXBuildFile; fileRef = EBD4AD392BA3AFE100D4BC88 /* Preview Assets.xcassets */; };
		EBD4AD442BA3AFE200D4BC88 /* MovieDBAppTests.swift in Sources */ = {isa = PBXBuildFile; fileRef = EBD4AD432BA3AFE200D4BC88 /* MovieDBAppTests.swift */; };
		EBD4AD4E2BA3AFE200D4BC88 /* MovieDBAppUITests.swift in Sources */ = {isa = PBXBuildFile; fileRef = EBD4AD4D2BA3AFE200D4BC88 /* MovieDBAppUITests.swift */; };
		EBD4AD502BA3AFE200D4BC88 /* MovieDBAppUITestsLaunchTests.swift in Sources */ = {isa = PBXBuildFile; fileRef = EBD4AD4F2BA3AFE200D4BC88 /* MovieDBAppUITestsLaunchTests.swift */; };
		EBD4AD612BA3D38E00D4BC88 /* CoordinatorType.swift in Sources */ = {isa = PBXBuildFile; fileRef = EBD4AD602BA3D38E00D4BC88 /* CoordinatorType.swift */; };
		EBD4AD632BA3D49F00D4BC88 /* NavigationRoute.swift in Sources */ = {isa = PBXBuildFile; fileRef = EBD4AD622BA3D49F00D4BC88 /* NavigationRoute.swift */; };
		EBD4AD662BA3D59700D4BC88 /* MainCoordinator.swift in Sources */ = {isa = PBXBuildFile; fileRef = EBD4AD652BA3D59700D4BC88 /* MainCoordinator.swift */; };
		EBD4AD6A2BA3E2C200D4BC88 /* ColorPalette.swift in Sources */ = {isa = PBXBuildFile; fileRef = EBD4AD692BA3E2C200D4BC88 /* ColorPalette.swift */; };
		EBD4AD6C2BA3E41800D4BC88 /* Color+Extensions.swift in Sources */ = {isa = PBXBuildFile; fileRef = EBD4AD6B2BA3E41800D4BC88 /* Color+Extensions.swift */; };
		EBD4AD6F2BA3F3C200D4BC88 /* ImageSet.swift in Sources */ = {isa = PBXBuildFile; fileRef = EBD4AD6E2BA3F3C200D4BC88 /* ImageSet.swift */; };
		EBD4AD742BA3F6E300D4BC88 /* NetworkManager.swift in Sources */ = {isa = PBXBuildFile; fileRef = EBD4AD732BA3F6E300D4BC88 /* NetworkManager.swift */; };
		EBD4AD762BA3F83400D4BC88 /* MovieDBTarget.swift in Sources */ = {isa = PBXBuildFile; fileRef = EBD4AD752BA3F83400D4BC88 /* MovieDBTarget.swift */; };
		EBD4AD782BA3FAE200D4BC88 /* NetworkError.swift in Sources */ = {isa = PBXBuildFile; fileRef = EBD4AD772BA3FAE200D4BC88 /* NetworkError.swift */; };
		EBD4AD7C2BA4037E00D4BC88 /* LoginService.swift in Sources */ = {isa = PBXBuildFile; fileRef = EBD4AD7B2BA4037E00D4BC88 /* LoginService.swift */; };
		EBD4AD7F2BA403FD00D4BC88 /* LoginSession.swift in Sources */ = {isa = PBXBuildFile; fileRef = EBD4AD7E2BA403FD00D4BC88 /* LoginSession.swift */; };
		EBD4AD812BA4043B00D4BC88 /* LoginCredentials.swift in Sources */ = {isa = PBXBuildFile; fileRef = EBD4AD802BA4043B00D4BC88 /* LoginCredentials.swift */; };
		EBD4AD832BA4082A00D4BC88 /* LoginServiceTarget.swift in Sources */ = {isa = PBXBuildFile; fileRef = EBD4AD822BA4082A00D4BC88 /* LoginServiceTarget.swift */; };
		EBD4AD862BA40B9400D4BC88 /* Constants.swift in Sources */ = {isa = PBXBuildFile; fileRef = EBD4AD852BA40B9400D4BC88 /* Constants.swift */; };
/* End PBXBuildFile section */

/* Begin PBXContainerItemProxy section */
		EBD4AD402BA3AFE200D4BC88 /* PBXContainerItemProxy */ = {
			isa = PBXContainerItemProxy;
			containerPortal = EBD4AD272BA3AFDF00D4BC88 /* Project object */;
			proxyType = 1;
			remoteGlobalIDString = EBD4AD2E2BA3AFDF00D4BC88;
			remoteInfo = MovieDBApp;
		};
		EBD4AD4A2BA3AFE200D4BC88 /* PBXContainerItemProxy */ = {
			isa = PBXContainerItemProxy;
			containerPortal = EBD4AD272BA3AFDF00D4BC88 /* Project object */;
			proxyType = 1;
			remoteGlobalIDString = EBD4AD2E2BA3AFDF00D4BC88;
			remoteInfo = MovieDBApp;
		};
/* End PBXContainerItemProxy section */

/* Begin PBXFileReference section */
		EBD4AD2F2BA3AFDF00D4BC88 /* MovieDBApp.app */ = {isa = PBXFileReference; explicitFileType = wrapper.application; includeInIndex = 0; path = MovieDBApp.app; sourceTree = BUILT_PRODUCTS_DIR; };
		EBD4AD322BA3AFDF00D4BC88 /* MovieDBAppApp.swift */ = {isa = PBXFileReference; lastKnownFileType = sourcecode.swift; path = MovieDBAppApp.swift; sourceTree = "<group>"; };
		EBD4AD342BA3AFDF00D4BC88 /* ContentView.swift */ = {isa = PBXFileReference; lastKnownFileType = sourcecode.swift; path = ContentView.swift; sourceTree = "<group>"; };
		EBD4AD362BA3AFE100D4BC88 /* Assets.xcassets */ = {isa = PBXFileReference; lastKnownFileType = folder.assetcatalog; path = Assets.xcassets; sourceTree = "<group>"; };
		EBD4AD392BA3AFE100D4BC88 /* Preview Assets.xcassets */ = {isa = PBXFileReference; lastKnownFileType = folder.assetcatalog; path = "Preview Assets.xcassets"; sourceTree = "<group>"; };
		EBD4AD3F2BA3AFE200D4BC88 /* MovieDBAppTests.xctest */ = {isa = PBXFileReference; explicitFileType = wrapper.cfbundle; includeInIndex = 0; path = MovieDBAppTests.xctest; sourceTree = BUILT_PRODUCTS_DIR; };
		EBD4AD432BA3AFE200D4BC88 /* MovieDBAppTests.swift */ = {isa = PBXFileReference; lastKnownFileType = sourcecode.swift; path = MovieDBAppTests.swift; sourceTree = "<group>"; };
		EBD4AD492BA3AFE200D4BC88 /* MovieDBAppUITests.xctest */ = {isa = PBXFileReference; explicitFileType = wrapper.cfbundle; includeInIndex = 0; path = MovieDBAppUITests.xctest; sourceTree = BUILT_PRODUCTS_DIR; };
		EBD4AD4D2BA3AFE200D4BC88 /* MovieDBAppUITests.swift */ = {isa = PBXFileReference; lastKnownFileType = sourcecode.swift; path = MovieDBAppUITests.swift; sourceTree = "<group>"; };
		EBD4AD4F2BA3AFE200D4BC88 /* MovieDBAppUITestsLaunchTests.swift */ = {isa = PBXFileReference; lastKnownFileType = sourcecode.swift; path = MovieDBAppUITestsLaunchTests.swift; sourceTree = "<group>"; };
		EBD4AD602BA3D38E00D4BC88 /* CoordinatorType.swift */ = {isa = PBXFileReference; lastKnownFileType = sourcecode.swift; path = CoordinatorType.swift; sourceTree = "<group>"; };
		EBD4AD622BA3D49F00D4BC88 /* NavigationRoute.swift */ = {isa = PBXFileReference; lastKnownFileType = sourcecode.swift; path = NavigationRoute.swift; sourceTree = "<group>"; };
		EBD4AD652BA3D59700D4BC88 /* MainCoordinator.swift */ = {isa = PBXFileReference; lastKnownFileType = sourcecode.swift; path = MainCoordinator.swift; sourceTree = "<group>"; };
		EBD4AD692BA3E2C200D4BC88 /* ColorPalette.swift */ = {isa = PBXFileReference; lastKnownFileType = sourcecode.swift; path = ColorPalette.swift; sourceTree = "<group>"; };
		EBD4AD6B2BA3E41800D4BC88 /* Color+Extensions.swift */ = {isa = PBXFileReference; lastKnownFileType = sourcecode.swift; path = "Color+Extensions.swift"; sourceTree = "<group>"; };
		EBD4AD6E2BA3F3C200D4BC88 /* ImageSet.swift */ = {isa = PBXFileReference; lastKnownFileType = sourcecode.swift; path = ImageSet.swift; sourceTree = "<group>"; };
		EBD4AD732BA3F6E300D4BC88 /* NetworkManager.swift */ = {isa = PBXFileReference; lastKnownFileType = sourcecode.swift; path = NetworkManager.swift; sourceTree = "<group>"; };
		EBD4AD752BA3F83400D4BC88 /* MovieDBTarget.swift */ = {isa = PBXFileReference; lastKnownFileType = sourcecode.swift; path = MovieDBTarget.swift; sourceTree = "<group>"; };
		EBD4AD772BA3FAE200D4BC88 /* NetworkError.swift */ = {isa = PBXFileReference; lastKnownFileType = sourcecode.swift; path = NetworkError.swift; sourceTree = "<group>"; };
		EBD4AD7B2BA4037E00D4BC88 /* LoginService.swift */ = {isa = PBXFileReference; lastKnownFileType = sourcecode.swift; path = LoginService.swift; sourceTree = "<group>"; };
		EBD4AD7E2BA403FD00D4BC88 /* LoginSession.swift */ = {isa = PBXFileReference; lastKnownFileType = sourcecode.swift; path = LoginSession.swift; sourceTree = "<group>"; };
		EBD4AD802BA4043B00D4BC88 /* LoginCredentials.swift */ = {isa = PBXFileReference; lastKnownFileType = sourcecode.swift; path = LoginCredentials.swift; sourceTree = "<group>"; };
		EBD4AD822BA4082A00D4BC88 /* LoginServiceTarget.swift */ = {isa = PBXFileReference; lastKnownFileType = sourcecode.swift; path = LoginServiceTarget.swift; sourceTree = "<group>"; };
		EBD4AD852BA40B9400D4BC88 /* Constants.swift */ = {isa = PBXFileReference; lastKnownFileType = sourcecode.swift; path = Constants.swift; sourceTree = "<group>"; };
/* End PBXFileReference section */

/* Begin PBXFrameworksBuildPhase section */
		EBD4AD2C2BA3AFDF00D4BC88 /* Frameworks */ = {
			isa = PBXFrameworksBuildPhase;
			buildActionMask = 2147483647;
			files = (
			);
			runOnlyForDeploymentPostprocessing = 0;
		};
		EBD4AD3C2BA3AFE200D4BC88 /* Frameworks */ = {
			isa = PBXFrameworksBuildPhase;
			buildActionMask = 2147483647;
			files = (
			);
			runOnlyForDeploymentPostprocessing = 0;
		};
		EBD4AD462BA3AFE200D4BC88 /* Frameworks */ = {
			isa = PBXFrameworksBuildPhase;
			buildActionMask = 2147483647;
			files = (
			);
			runOnlyForDeploymentPostprocessing = 0;
		};
/* End PBXFrameworksBuildPhase section */

/* Begin PBXGroup section */
		EBD4AD262BA3AFDF00D4BC88 = {
			isa = PBXGroup;
			children = (
				EBD4AD312BA3AFDF00D4BC88 /* MovieDBApp */,
				EBD4AD422BA3AFE200D4BC88 /* MovieDBAppTests */,
				EBD4AD4C2BA3AFE200D4BC88 /* MovieDBAppUITests */,
				EBD4AD302BA3AFDF00D4BC88 /* Products */,
			);
			sourceTree = "<group>";
		};
		EBD4AD302BA3AFDF00D4BC88 /* Products */ = {
			isa = PBXGroup;
			children = (
				EBD4AD2F2BA3AFDF00D4BC88 /* MovieDBApp.app */,
				EBD4AD3F2BA3AFE200D4BC88 /* MovieDBAppTests.xctest */,
				EBD4AD492BA3AFE200D4BC88 /* MovieDBAppUITests.xctest */,
			);
			name = Products;
			sourceTree = "<group>";
		};
		EBD4AD312BA3AFDF00D4BC88 /* MovieDBApp */ = {
			isa = PBXGroup;
			children = (
				EBD4AD5C2BA3D27C00D4BC88 /* Source */,
				EBD4AD322BA3AFDF00D4BC88 /* MovieDBAppApp.swift */,
				EBD4AD342BA3AFDF00D4BC88 /* ContentView.swift */,
				EBD4AD382BA3AFE100D4BC88 /* Preview Content */,
			);
			path = MovieDBApp;
			sourceTree = "<group>";
		};
		EBD4AD382BA3AFE100D4BC88 /* Preview Content */ = {
			isa = PBXGroup;
			children = (
				EBD4AD392BA3AFE100D4BC88 /* Preview Assets.xcassets */,
			);
			path = "Preview Content";
			sourceTree = "<group>";
		};
		EBD4AD422BA3AFE200D4BC88 /* MovieDBAppTests */ = {
			isa = PBXGroup;
			children = (
				EBD4AD432BA3AFE200D4BC88 /* MovieDBAppTests.swift */,
			);
			path = MovieDBAppTests;
			sourceTree = "<group>";
		};
		EBD4AD4C2BA3AFE200D4BC88 /* MovieDBAppUITests */ = {
			isa = PBXGroup;
			children = (
				EBD4AD4D2BA3AFE200D4BC88 /* MovieDBAppUITests.swift */,
				EBD4AD4F2BA3AFE200D4BC88 /* MovieDBAppUITestsLaunchTests.swift */,
			);
			path = MovieDBAppUITests;
			sourceTree = "<group>";
		};
		EBD4AD5C2BA3D27C00D4BC88 /* Source */ = {
			isa = PBXGroup;
			children = (
				EBD4AD672BA3E1AA00D4BC88 /* DesignSystem */,
				EBD4AD5E2BA3D31000D4BC88 /* Core */,
				EBD4AD5D2BA3D28900D4BC88 /* Modules */,
			);
			path = Source;
			sourceTree = "<group>";
		};
		EBD4AD5D2BA3D28900D4BC88 /* Modules */ = {
			isa = PBXGroup;
			children = (
				EBD4AD5F2BA3D34400D4BC88 /* Navigation */,
			);
			path = Modules;
			sourceTree = "<group>";
		};
		EBD4AD5E2BA3D31000D4BC88 /* Core */ = {
			isa = PBXGroup;
			children = (
				EBD4AD842BA40B7F00D4BC88 /* Utilities */,
				EBD4AD792BA4029500D4BC88 /* Services */,
				EBD4AD702BA3F5B100D4BC88 /* Networking */,
			);
			path = Core;
			sourceTree = "<group>";
		};
		EBD4AD5F2BA3D34400D4BC88 /* Navigation */ = {
			isa = PBXGroup;
			children = (
				EBD4AD642BA3D57200D4BC88 /* Coordinator */,
				EBD4AD602BA3D38E00D4BC88 /* CoordinatorType.swift */,
				EBD4AD622BA3D49F00D4BC88 /* NavigationRoute.swift */,
			);
			path = Navigation;
			sourceTree = "<group>";
		};
		EBD4AD642BA3D57200D4BC88 /* Coordinator */ = {
			isa = PBXGroup;
			children = (
				EBD4AD652BA3D59700D4BC88 /* MainCoordinator.swift */,
			);
			path = Coordinator;
			sourceTree = "<group>";
		};
		EBD4AD672BA3E1AA00D4BC88 /* DesignSystem */ = {
			isa = PBXGroup;
			children = (
				EBD4AD362BA3AFE100D4BC88 /* Assets.xcassets */,
				EBD4AD6D2BA3F39400D4BC88 /* Image */,
				EBD4AD682BA3E1C500D4BC88 /* Color */,
			);
			path = DesignSystem;
			sourceTree = "<group>";
		};
		EBD4AD682BA3E1C500D4BC88 /* Color */ = {
			isa = PBXGroup;
			children = (
				EBD4AD692BA3E2C200D4BC88 /* ColorPalette.swift */,
				EBD4AD6B2BA3E41800D4BC88 /* Color+Extensions.swift */,
			);
			path = Color;
			sourceTree = "<group>";
		};
		EBD4AD6D2BA3F39400D4BC88 /* Image */ = {
			isa = PBXGroup;
			children = (
				EBD4AD6E2BA3F3C200D4BC88 /* ImageSet.swift */,
			);
			path = Image;
			sourceTree = "<group>";
		};
		EBD4AD702BA3F5B100D4BC88 /* Networking */ = {
			isa = PBXGroup;
			children = (
				EBD4AD732BA3F6E300D4BC88 /* NetworkManager.swift */,
				EBD4AD752BA3F83400D4BC88 /* MovieDBTarget.swift */,
				EBD4AD772BA3FAE200D4BC88 /* NetworkError.swift */,
			);
			path = Networking;
			sourceTree = "<group>";
		};
		EBD4AD792BA4029500D4BC88 /* Services */ = {
			isa = PBXGroup;
			children = (
				EBD4AD7A2BA4035300D4BC88 /* LoginService */,
			);
			path = Services;
			sourceTree = "<group>";
		};
		EBD4AD7A2BA4035300D4BC88 /* LoginService */ = {
			isa = PBXGroup;
			children = (
				EBD4AD7D2BA403C600D4BC88 /* Models */,
				EBD4AD7B2BA4037E00D4BC88 /* LoginService.swift */,
				EBD4AD822BA4082A00D4BC88 /* LoginServiceTarget.swift */,
			);
			path = LoginService;
			sourceTree = "<group>";
		};
		EBD4AD7D2BA403C600D4BC88 /* Models */ = {
			isa = PBXGroup;
			children = (
				EBD4AD7E2BA403FD00D4BC88 /* LoginSession.swift */,
				EBD4AD802BA4043B00D4BC88 /* LoginCredentials.swift */,
			);
			path = Models;
			sourceTree = "<group>";
		};
		EBD4AD842BA40B7F00D4BC88 /* Utilities */ = {
			isa = PBXGroup;
			children = (
				EBD4AD852BA40B9400D4BC88 /* Constants.swift */,
			);
			path = Utilities;
			sourceTree = "<group>";
		};
/* End PBXGroup section */

/* Begin PBXNativeTarget section */
		EBD4AD2E2BA3AFDF00D4BC88 /* MovieDBApp */ = {
			isa = PBXNativeTarget;
			buildConfigurationList = EBD4AD532BA3AFE200D4BC88 /* Build configuration list for PBXNativeTarget "MovieDBApp" */;
			buildPhases = (
				EBD4AD2B2BA3AFDF00D4BC88 /* Sources */,
				EBD4AD2C2BA3AFDF00D4BC88 /* Frameworks */,
				EBD4AD2D2BA3AFDF00D4BC88 /* Resources */,
			);
			buildRules = (
			);
			dependencies = (
			);
			name = MovieDBApp;
			productName = MovieDBApp;
			productReference = EBD4AD2F2BA3AFDF00D4BC88 /* MovieDBApp.app */;
			productType = "com.apple.product-type.application";
		};
		EBD4AD3E2BA3AFE200D4BC88 /* MovieDBAppTests */ = {
			isa = PBXNativeTarget;
			buildConfigurationList = EBD4AD562BA3AFE200D4BC88 /* Build configuration list for PBXNativeTarget "MovieDBAppTests" */;
			buildPhases = (
				EBD4AD3B2BA3AFE200D4BC88 /* Sources */,
				EBD4AD3C2BA3AFE200D4BC88 /* Frameworks */,
				EBD4AD3D2BA3AFE200D4BC88 /* Resources */,
			);
			buildRules = (
			);
			dependencies = (
				EBD4AD412BA3AFE200D4BC88 /* PBXTargetDependency */,
			);
			name = MovieDBAppTests;
			productName = MovieDBAppTests;
			productReference = EBD4AD3F2BA3AFE200D4BC88 /* MovieDBAppTests.xctest */;
			productType = "com.apple.product-type.bundle.unit-test";
		};
		EBD4AD482BA3AFE200D4BC88 /* MovieDBAppUITests */ = {
			isa = PBXNativeTarget;
			buildConfigurationList = EBD4AD592BA3AFE200D4BC88 /* Build configuration list for PBXNativeTarget "MovieDBAppUITests" */;
			buildPhases = (
				EBD4AD452BA3AFE200D4BC88 /* Sources */,
				EBD4AD462BA3AFE200D4BC88 /* Frameworks */,
				EBD4AD472BA3AFE200D4BC88 /* Resources */,
			);
			buildRules = (
			);
			dependencies = (
				EBD4AD4B2BA3AFE200D4BC88 /* PBXTargetDependency */,
			);
			name = MovieDBAppUITests;
			productName = MovieDBAppUITests;
			productReference = EBD4AD492BA3AFE200D4BC88 /* MovieDBAppUITests.xctest */;
			productType = "com.apple.product-type.bundle.ui-testing";
		};
/* End PBXNativeTarget section */

/* Begin PBXProject section */
		EBD4AD272BA3AFDF00D4BC88 /* Project object */ = {
			isa = PBXProject;
			attributes = {
				BuildIndependentTargetsInParallel = 1;
				LastSwiftUpdateCheck = 1520;
				LastUpgradeCheck = 1520;
				TargetAttributes = {
					EBD4AD2E2BA3AFDF00D4BC88 = {
						CreatedOnToolsVersion = 15.2;
					};
					EBD4AD3E2BA3AFE200D4BC88 = {
						CreatedOnToolsVersion = 15.2;
						TestTargetID = EBD4AD2E2BA3AFDF00D4BC88;
					};
					EBD4AD482BA3AFE200D4BC88 = {
						CreatedOnToolsVersion = 15.2;
						TestTargetID = EBD4AD2E2BA3AFDF00D4BC88;
					};
				};
			};
			buildConfigurationList = EBD4AD2A2BA3AFDF00D4BC88 /* Build configuration list for PBXProject "MovieDBApp" */;
			compatibilityVersion = "Xcode 14.0";
			developmentRegion = en;
			hasScannedForEncodings = 0;
			knownRegions = (
				en,
				Base,
			);
			mainGroup = EBD4AD262BA3AFDF00D4BC88;
			productRefGroup = EBD4AD302BA3AFDF00D4BC88 /* Products */;
			projectDirPath = "";
			projectRoot = "";
			targets = (
				EBD4AD2E2BA3AFDF00D4BC88 /* MovieDBApp */,
				EBD4AD3E2BA3AFE200D4BC88 /* MovieDBAppTests */,
				EBD4AD482BA3AFE200D4BC88 /* MovieDBAppUITests */,
			);
		};
/* End PBXProject section */

/* Begin PBXResourcesBuildPhase section */
		EBD4AD2D2BA3AFDF00D4BC88 /* Resources */ = {
			isa = PBXResourcesBuildPhase;
			buildActionMask = 2147483647;
			files = (
				EBD4AD3A2BA3AFE100D4BC88 /* Preview Assets.xcassets in Resources */,
				EBD4AD372BA3AFE100D4BC88 /* Assets.xcassets in Resources */,
			);
			runOnlyForDeploymentPostprocessing = 0;
		};
		EBD4AD3D2BA3AFE200D4BC88 /* Resources */ = {
			isa = PBXResourcesBuildPhase;
			buildActionMask = 2147483647;
			files = (
			);
			runOnlyForDeploymentPostprocessing = 0;
		};
		EBD4AD472BA3AFE200D4BC88 /* Resources */ = {
			isa = PBXResourcesBuildPhase;
			buildActionMask = 2147483647;
			files = (
			);
			runOnlyForDeploymentPostprocessing = 0;
		};
/* End PBXResourcesBuildPhase section */

/* Begin PBXSourcesBuildPhase section */
		EBD4AD2B2BA3AFDF00D4BC88 /* Sources */ = {
			isa = PBXSourcesBuildPhase;
			buildActionMask = 2147483647;
			files = (
				EBD4AD742BA3F6E300D4BC88 /* NetworkManager.swift in Sources */,
				EBD4AD762BA3F83400D4BC88 /* MovieDBTarget.swift in Sources */,
				EBD4AD6F2BA3F3C200D4BC88 /* ImageSet.swift in Sources */,
				EBD4AD352BA3AFDF00D4BC88 /* ContentView.swift in Sources */,
				EBD4AD332BA3AFDF00D4BC88 /* MovieDBAppApp.swift in Sources */,
				EBD4AD612BA3D38E00D4BC88 /* CoordinatorType.swift in Sources */,
				EBD4AD7F2BA403FD00D4BC88 /* LoginSession.swift in Sources */,
				EBD4AD862BA40B9400D4BC88 /* Constants.swift in Sources */,
				EBD4AD662BA3D59700D4BC88 /* MainCoordinator.swift in Sources */,
				EBD4AD7C2BA4037E00D4BC88 /* LoginService.swift in Sources */,
				EBD4AD6C2BA3E41800D4BC88 /* Color+Extensions.swift in Sources */,
				EBD4AD832BA4082A00D4BC88 /* LoginServiceTarget.swift in Sources */,
				EBD4AD812BA4043B00D4BC88 /* LoginCredentials.swift in Sources */,
				EBD4AD632BA3D49F00D4BC88 /* NavigationRoute.swift in Sources */,
				EBD4AD782BA3FAE200D4BC88 /* NetworkError.swift in Sources */,
				EBD4AD6A2BA3E2C200D4BC88 /* ColorPalette.swift in Sources */,
			);
			runOnlyForDeploymentPostprocessing = 0;
		};
		EBD4AD3B2BA3AFE200D4BC88 /* Sources */ = {
			isa = PBXSourcesBuildPhase;
			buildActionMask = 2147483647;
			files = (
				EBD4AD442BA3AFE200D4BC88 /* MovieDBAppTests.swift in Sources */,
			);
			runOnlyForDeploymentPostprocessing = 0;
		};
		EBD4AD452BA3AFE200D4BC88 /* Sources */ = {
			isa = PBXSourcesBuildPhase;
			buildActionMask = 2147483647;
			files = (
				EBD4AD4E2BA3AFE200D4BC88 /* MovieDBAppUITests.swift in Sources */,
				EBD4AD502BA3AFE200D4BC88 /* MovieDBAppUITestsLaunchTests.swift in Sources */,
			);
			runOnlyForDeploymentPostprocessing = 0;
		};
/* End PBXSourcesBuildPhase section */

/* Begin PBXTargetDependency section */
		EBD4AD412BA3AFE200D4BC88 /* PBXTargetDependency */ = {
			isa = PBXTargetDependency;
			target = EBD4AD2E2BA3AFDF00D4BC88 /* MovieDBApp */;
			targetProxy = EBD4AD402BA3AFE200D4BC88 /* PBXContainerItemProxy */;
		};
		EBD4AD4B2BA3AFE200D4BC88 /* PBXTargetDependency */ = {
			isa = PBXTargetDependency;
			target = EBD4AD2E2BA3AFDF00D4BC88 /* MovieDBApp */;
			targetProxy = EBD4AD4A2BA3AFE200D4BC88 /* PBXContainerItemProxy */;
		};
/* End PBXTargetDependency section */

/* Begin XCBuildConfiguration section */
		EBD4AD512BA3AFE200D4BC88 /* Debug */ = {
			isa = XCBuildConfiguration;
			buildSettings = {
				ALWAYS_SEARCH_USER_PATHS = NO;
				ASSETCATALOG_COMPILER_GENERATE_SWIFT_ASSET_SYMBOL_EXTENSIONS = YES;
				CLANG_ANALYZER_NONNULL = YES;
				CLANG_ANALYZER_NUMBER_OBJECT_CONVERSION = YES_AGGRESSIVE;
				CLANG_CXX_LANGUAGE_STANDARD = "gnu++20";
				CLANG_ENABLE_MODULES = YES;
				CLANG_ENABLE_OBJC_ARC = YES;
				CLANG_ENABLE_OBJC_WEAK = YES;
				CLANG_WARN_BLOCK_CAPTURE_AUTORELEASING = YES;
				CLANG_WARN_BOOL_CONVERSION = YES;
				CLANG_WARN_COMMA = YES;
				CLANG_WARN_CONSTANT_CONVERSION = YES;
				CLANG_WARN_DEPRECATED_OBJC_IMPLEMENTATIONS = YES;
				CLANG_WARN_DIRECT_OBJC_ISA_USAGE = YES_ERROR;
				CLANG_WARN_DOCUMENTATION_COMMENTS = YES;
				CLANG_WARN_EMPTY_BODY = YES;
				CLANG_WARN_ENUM_CONVERSION = YES;
				CLANG_WARN_INFINITE_RECURSION = YES;
				CLANG_WARN_INT_CONVERSION = YES;
				CLANG_WARN_NON_LITERAL_NULL_CONVERSION = YES;
				CLANG_WARN_OBJC_IMPLICIT_RETAIN_SELF = YES;
				CLANG_WARN_OBJC_LITERAL_CONVERSION = YES;
				CLANG_WARN_OBJC_ROOT_CLASS = YES_ERROR;
				CLANG_WARN_QUOTED_INCLUDE_IN_FRAMEWORK_HEADER = YES;
				CLANG_WARN_RANGE_LOOP_ANALYSIS = YES;
				CLANG_WARN_STRICT_PROTOTYPES = YES;
				CLANG_WARN_SUSPICIOUS_MOVE = YES;
				CLANG_WARN_UNGUARDED_AVAILABILITY = YES_AGGRESSIVE;
				CLANG_WARN_UNREACHABLE_CODE = YES;
				CLANG_WARN__DUPLICATE_METHOD_MATCH = YES;
				COPY_PHASE_STRIP = NO;
				DEBUG_INFORMATION_FORMAT = dwarf;
				ENABLE_STRICT_OBJC_MSGSEND = YES;
				ENABLE_TESTABILITY = YES;
				ENABLE_USER_SCRIPT_SANDBOXING = YES;
				GCC_C_LANGUAGE_STANDARD = gnu17;
				GCC_DYNAMIC_NO_PIC = NO;
				GCC_NO_COMMON_BLOCKS = YES;
				GCC_OPTIMIZATION_LEVEL = 0;
				GCC_PREPROCESSOR_DEFINITIONS = (
					"DEBUG=1",
					"$(inherited)",
				);
				GCC_WARN_64_TO_32_BIT_CONVERSION = YES;
				GCC_WARN_ABOUT_RETURN_TYPE = YES_ERROR;
				GCC_WARN_UNDECLARED_SELECTOR = YES;
				GCC_WARN_UNINITIALIZED_AUTOS = YES_AGGRESSIVE;
				GCC_WARN_UNUSED_FUNCTION = YES;
				GCC_WARN_UNUSED_VARIABLE = YES;
				IPHONEOS_DEPLOYMENT_TARGET = 17.2;
				LOCALIZATION_PREFERS_STRING_CATALOGS = YES;
				MTL_ENABLE_DEBUG_INFO = INCLUDE_SOURCE;
				MTL_FAST_MATH = YES;
				ONLY_ACTIVE_ARCH = YES;
				SDKROOT = iphoneos;
				SWIFT_ACTIVE_COMPILATION_CONDITIONS = "DEBUG $(inherited)";
				SWIFT_OPTIMIZATION_LEVEL = "-Onone";
			};
			name = Debug;
		};
		EBD4AD522BA3AFE200D4BC88 /* Release */ = {
			isa = XCBuildConfiguration;
			buildSettings = {
				ALWAYS_SEARCH_USER_PATHS = NO;
				ASSETCATALOG_COMPILER_GENERATE_SWIFT_ASSET_SYMBOL_EXTENSIONS = YES;
				CLANG_ANALYZER_NONNULL = YES;
				CLANG_ANALYZER_NUMBER_OBJECT_CONVERSION = YES_AGGRESSIVE;
				CLANG_CXX_LANGUAGE_STANDARD = "gnu++20";
				CLANG_ENABLE_MODULES = YES;
				CLANG_ENABLE_OBJC_ARC = YES;
				CLANG_ENABLE_OBJC_WEAK = YES;
				CLANG_WARN_BLOCK_CAPTURE_AUTORELEASING = YES;
				CLANG_WARN_BOOL_CONVERSION = YES;
				CLANG_WARN_COMMA = YES;
				CLANG_WARN_CONSTANT_CONVERSION = YES;
				CLANG_WARN_DEPRECATED_OBJC_IMPLEMENTATIONS = YES;
				CLANG_WARN_DIRECT_OBJC_ISA_USAGE = YES_ERROR;
				CLANG_WARN_DOCUMENTATION_COMMENTS = YES;
				CLANG_WARN_EMPTY_BODY = YES;
				CLANG_WARN_ENUM_CONVERSION = YES;
				CLANG_WARN_INFINITE_RECURSION = YES;
				CLANG_WARN_INT_CONVERSION = YES;
				CLANG_WARN_NON_LITERAL_NULL_CONVERSION = YES;
				CLANG_WARN_OBJC_IMPLICIT_RETAIN_SELF = YES;
				CLANG_WARN_OBJC_LITERAL_CONVERSION = YES;
				CLANG_WARN_OBJC_ROOT_CLASS = YES_ERROR;
				CLANG_WARN_QUOTED_INCLUDE_IN_FRAMEWORK_HEADER = YES;
				CLANG_WARN_RANGE_LOOP_ANALYSIS = YES;
				CLANG_WARN_STRICT_PROTOTYPES = YES;
				CLANG_WARN_SUSPICIOUS_MOVE = YES;
				CLANG_WARN_UNGUARDED_AVAILABILITY = YES_AGGRESSIVE;
				CLANG_WARN_UNREACHABLE_CODE = YES;
				CLANG_WARN__DUPLICATE_METHOD_MATCH = YES;
				COPY_PHASE_STRIP = NO;
				DEBUG_INFORMATION_FORMAT = "dwarf-with-dsym";
				ENABLE_NS_ASSERTIONS = NO;
				ENABLE_STRICT_OBJC_MSGSEND = YES;
				ENABLE_USER_SCRIPT_SANDBOXING = YES;
				GCC_C_LANGUAGE_STANDARD = gnu17;
				GCC_NO_COMMON_BLOCKS = YES;
				GCC_WARN_64_TO_32_BIT_CONVERSION = YES;
				GCC_WARN_ABOUT_RETURN_TYPE = YES_ERROR;
				GCC_WARN_UNDECLARED_SELECTOR = YES;
				GCC_WARN_UNINITIALIZED_AUTOS = YES_AGGRESSIVE;
				GCC_WARN_UNUSED_FUNCTION = YES;
				GCC_WARN_UNUSED_VARIABLE = YES;
				IPHONEOS_DEPLOYMENT_TARGET = 17.2;
				LOCALIZATION_PREFERS_STRING_CATALOGS = YES;
				MTL_ENABLE_DEBUG_INFO = NO;
				MTL_FAST_MATH = YES;
				SDKROOT = iphoneos;
				SWIFT_COMPILATION_MODE = wholemodule;
				VALIDATE_PRODUCT = YES;
			};
			name = Release;
		};
		EBD4AD542BA3AFE200D4BC88 /* Debug */ = {
			isa = XCBuildConfiguration;
			buildSettings = {
				ASSETCATALOG_COMPILER_APPICON_NAME = AppIcon;
				ASSETCATALOG_COMPILER_GLOBAL_ACCENT_COLOR_NAME = AccentColor;
				CODE_SIGN_STYLE = Automatic;
				CURRENT_PROJECT_VERSION = 1;
				DEVELOPMENT_ASSET_PATHS = "\"MovieDBApp/Preview Content\"";
				DEVELOPMENT_TEAM = 5GAY2L55MM;
				ENABLE_PREVIEWS = YES;
				GENERATE_INFOPLIST_FILE = YES;
				INFOPLIST_KEY_UIApplicationSceneManifest_Generation = YES;
				INFOPLIST_KEY_UIApplicationSupportsIndirectInputEvents = YES;
				INFOPLIST_KEY_UILaunchScreen_Generation = YES;
				INFOPLIST_KEY_UISupportedInterfaceOrientations_iPad = "UIInterfaceOrientationPortrait UIInterfaceOrientationPortraitUpsideDown UIInterfaceOrientationLandscapeLeft UIInterfaceOrientationLandscapeRight";
				INFOPLIST_KEY_UISupportedInterfaceOrientations_iPhone = "UIInterfaceOrientationPortrait UIInterfaceOrientationLandscapeLeft UIInterfaceOrientationLandscapeRight";
				LD_RUNPATH_SEARCH_PATHS = (
					"$(inherited)",
					"@executable_path/Frameworks",
				);
				MARKETING_VERSION = 1.0;
				PRODUCT_BUNDLE_IDENTIFIER = spacecowboy.MovieDBApp;
				PRODUCT_NAME = "$(TARGET_NAME)";
				SWIFT_EMIT_LOC_STRINGS = YES;
				SWIFT_VERSION = 5.0;
				TARGETED_DEVICE_FAMILY = "1,2";
			};
			name = Debug;
		};
		EBD4AD552BA3AFE200D4BC88 /* Release */ = {
			isa = XCBuildConfiguration;
			buildSettings = {
				ASSETCATALOG_COMPILER_APPICON_NAME = AppIcon;
				ASSETCATALOG_COMPILER_GLOBAL_ACCENT_COLOR_NAME = AccentColor;
				CODE_SIGN_STYLE = Automatic;
				CURRENT_PROJECT_VERSION = 1;
				DEVELOPMENT_ASSET_PATHS = "\"MovieDBApp/Preview Content\"";
				DEVELOPMENT_TEAM = 5GAY2L55MM;
				ENABLE_PREVIEWS = YES;
				GENERATE_INFOPLIST_FILE = YES;
				INFOPLIST_KEY_UIApplicationSceneManifest_Generation = YES;
				INFOPLIST_KEY_UIApplicationSupportsIndirectInputEvents = YES;
				INFOPLIST_KEY_UILaunchScreen_Generation = YES;
				INFOPLIST_KEY_UISupportedInterfaceOrientations_iPad = "UIInterfaceOrientationPortrait UIInterfaceOrientationPortraitUpsideDown UIInterfaceOrientationLandscapeLeft UIInterfaceOrientationLandscapeRight";
				INFOPLIST_KEY_UISupportedInterfaceOrientations_iPhone = "UIInterfaceOrientationPortrait UIInterfaceOrientationLandscapeLeft UIInterfaceOrientationLandscapeRight";
				LD_RUNPATH_SEARCH_PATHS = (
					"$(inherited)",
					"@executable_path/Frameworks",
				);
				MARKETING_VERSION = 1.0;
				PRODUCT_BUNDLE_IDENTIFIER = spacecowboy.MovieDBApp;
				PRODUCT_NAME = "$(TARGET_NAME)";
				SWIFT_EMIT_LOC_STRINGS = YES;
				SWIFT_VERSION = 5.0;
				TARGETED_DEVICE_FAMILY = "1,2";
			};
			name = Release;
		};
		EBD4AD572BA3AFE200D4BC88 /* Debug */ = {
			isa = XCBuildConfiguration;
			buildSettings = {
				ALWAYS_EMBED_SWIFT_STANDARD_LIBRARIES = YES;
				BUNDLE_LOADER = "$(TEST_HOST)";
				CODE_SIGN_STYLE = Automatic;
				CURRENT_PROJECT_VERSION = 1;
				DEVELOPMENT_TEAM = 5GAY2L55MM;
				GENERATE_INFOPLIST_FILE = YES;
				IPHONEOS_DEPLOYMENT_TARGET = 17.2;
				MARKETING_VERSION = 1.0;
				PRODUCT_BUNDLE_IDENTIFIER = spacecowboy.MovieDBAppTests;
				PRODUCT_NAME = "$(TARGET_NAME)";
				SWIFT_EMIT_LOC_STRINGS = NO;
				SWIFT_VERSION = 5.0;
				TARGETED_DEVICE_FAMILY = "1,2";
				TEST_HOST = "$(BUILT_PRODUCTS_DIR)/MovieDBApp.app/$(BUNDLE_EXECUTABLE_FOLDER_PATH)/MovieDBApp";
			};
			name = Debug;
		};
		EBD4AD582BA3AFE200D4BC88 /* Release */ = {
			isa = XCBuildConfiguration;
			buildSettings = {
				ALWAYS_EMBED_SWIFT_STANDARD_LIBRARIES = YES;
				BUNDLE_LOADER = "$(TEST_HOST)";
				CODE_SIGN_STYLE = Automatic;
				CURRENT_PROJECT_VERSION = 1;
				DEVELOPMENT_TEAM = 5GAY2L55MM;
				GENERATE_INFOPLIST_FILE = YES;
				IPHONEOS_DEPLOYMENT_TARGET = 17.2;
				MARKETING_VERSION = 1.0;
				PRODUCT_BUNDLE_IDENTIFIER = spacecowboy.MovieDBAppTests;
				PRODUCT_NAME = "$(TARGET_NAME)";
				SWIFT_EMIT_LOC_STRINGS = NO;
				SWIFT_VERSION = 5.0;
				TARGETED_DEVICE_FAMILY = "1,2";
				TEST_HOST = "$(BUILT_PRODUCTS_DIR)/MovieDBApp.app/$(BUNDLE_EXECUTABLE_FOLDER_PATH)/MovieDBApp";
			};
			name = Release;
		};
		EBD4AD5A2BA3AFE200D4BC88 /* Debug */ = {
			isa = XCBuildConfiguration;
			buildSettings = {
				ALWAYS_EMBED_SWIFT_STANDARD_LIBRARIES = YES;
				CODE_SIGN_STYLE = Automatic;
				CURRENT_PROJECT_VERSION = 1;
				DEVELOPMENT_TEAM = 5GAY2L55MM;
				GENERATE_INFOPLIST_FILE = YES;
				MARKETING_VERSION = 1.0;
				PRODUCT_BUNDLE_IDENTIFIER = spacecowboy.MovieDBAppUITests;
				PRODUCT_NAME = "$(TARGET_NAME)";
				SWIFT_EMIT_LOC_STRINGS = NO;
				SWIFT_VERSION = 5.0;
				TARGETED_DEVICE_FAMILY = "1,2";
				TEST_TARGET_NAME = MovieDBApp;
			};
			name = Debug;
		};
		EBD4AD5B2BA3AFE200D4BC88 /* Release */ = {
			isa = XCBuildConfiguration;
			buildSettings = {
				ALWAYS_EMBED_SWIFT_STANDARD_LIBRARIES = YES;
				CODE_SIGN_STYLE = Automatic;
				CURRENT_PROJECT_VERSION = 1;
				DEVELOPMENT_TEAM = 5GAY2L55MM;
				GENERATE_INFOPLIST_FILE = YES;
				MARKETING_VERSION = 1.0;
				PRODUCT_BUNDLE_IDENTIFIER = spacecowboy.MovieDBAppUITests;
				PRODUCT_NAME = "$(TARGET_NAME)";
				SWIFT_EMIT_LOC_STRINGS = NO;
				SWIFT_VERSION = 5.0;
				TARGETED_DEVICE_FAMILY = "1,2";
				TEST_TARGET_NAME = MovieDBApp;
			};
			name = Release;
		};
/* End XCBuildConfiguration section */

/* Begin XCConfigurationList section */
		EBD4AD2A2BA3AFDF00D4BC88 /* Build configuration list for PBXProject "MovieDBApp" */ = {
			isa = XCConfigurationList;
			buildConfigurations = (
				EBD4AD512BA3AFE200D4BC88 /* Debug */,
				EBD4AD522BA3AFE200D4BC88 /* Release */,
			);
			defaultConfigurationIsVisible = 0;
			defaultConfigurationName = Release;
		};
		EBD4AD532BA3AFE200D4BC88 /* Build configuration list for PBXNativeTarget "MovieDBApp" */ = {
			isa = XCConfigurationList;
			buildConfigurations = (
				EBD4AD542BA3AFE200D4BC88 /* Debug */,
				EBD4AD552BA3AFE200D4BC88 /* Release */,
			);
			defaultConfigurationIsVisible = 0;
			defaultConfigurationName = Release;
		};
		EBD4AD562BA3AFE200D4BC88 /* Build configuration list for PBXNativeTarget "MovieDBAppTests" */ = {
			isa = XCConfigurationList;
			buildConfigurations = (
				EBD4AD572BA3AFE200D4BC88 /* Debug */,
				EBD4AD582BA3AFE200D4BC88 /* Release */,
			);
			defaultConfigurationIsVisible = 0;
			defaultConfigurationName = Release;
		};
		EBD4AD592BA3AFE200D4BC88 /* Build configuration list for PBXNativeTarget "MovieDBAppUITests" */ = {
			isa = XCConfigurationList;
			buildConfigurations = (
				EBD4AD5A2BA3AFE200D4BC88 /* Debug */,
				EBD4AD5B2BA3AFE200D4BC88 /* Release */,
			);
			defaultConfigurationIsVisible = 0;
			defaultConfigurationName = Release;
		};
/* End XCConfigurationList section */
	};
	rootObject = EBD4AD272BA3AFDF00D4BC88 /* Project object */;
}
